
Microsoft Visual Studio Solution File, Format Version 12.00
# Visual Studio Version 16
VisualStudioVersion = 16.0.30011.22
MinimumVisualStudioVersion = 10.0.40219.1
Project("{FAE04EC0-301F-11D3-BF4B-00C04F79EFBC}") = "S2_L1_dentist", "S2_L1_dentist.csproj", "{96F81913-6AA4-45AE-BF22-79FA32647577}"
EndProject
Global
	GlobalSection(SolutionConfigurationPlatforms) = preSolution
		Debug|Any CPU = Debug|Any CPU
		Release|Any CPU = Release|Any CPU
	EndGlobalSection
	GlobalSection(ProjectConfigurationPlatforms) = postSolution
		{96F81913-6AA4-45AE-BF22-79FA32647577}.Debug|Any CPU.ActiveCfg = Debug|Any CPU
		{96F81913-6AA4-45AE-BF22-79FA32647577}.Debug|Any CPU.Build.0 = Debug|Any CPU
		{96F81913-6AA4-45AE-BF22-79FA32647577}.Release|Any CPU.ActiveCfg = Release|Any CPU
		{96F81913-6AA4-45AE-BF22-79FA32647577}.Release|Any CPU.Build.0 = Release|Any CPU
	EndGlobalSection
	GlobalSection(SolutionProperties) = preSolution
		HideSolutionNode = FALSE
	EndGlobalSection
	GlobalSection(ExtensibilityGlobals) = postSolution
		SolutionGuid = {E45A5AD3-86FA-4F31-99DE-7483F004973E}
	EndGlobalSection
EndGlobal
