
Microsoft Visual Studio Solution File, Format Version 12.00
# Visual Studio Version 16
VisualStudioVersion = 16.0.30011.22
MinimumVisualStudioVersion = 10.0.40219.1
Project("{FAE04EC0-301F-11D3-BF4B-00C04F79EFBC}") = "S2_L1_IT6", "S2_L1_IT6.csproj", "{53320CA3-B497-4416-A35C-AEC48AED37E5}"
EndProject
Global
	GlobalSection(SolutionConfigurationPlatforms) = preSolution
		Debug|Any CPU = Debug|Any CPU
		Release|Any CPU = Release|Any CPU
	EndGlobalSection
	GlobalSection(ProjectConfigurationPlatforms) = postSolution
		{53320CA3-B497-4416-A35C-AEC48AED37E5}.Debug|Any CPU.ActiveCfg = Debug|Any CPU
		{53320CA3-B497-4416-A35C-AEC48AED37E5}.Debug|Any CPU.Build.0 = Debug|Any CPU
		{53320CA3-B497-4416-A35C-AEC48AED37E5}.Release|Any CPU.ActiveCfg = Release|Any CPU
		{53320CA3-B497-4416-A35C-AEC48AED37E5}.Release|Any CPU.Build.0 = Release|Any CPU
	EndGlobalSection
	GlobalSection(SolutionProperties) = preSolution
		HideSolutionNode = FALSE
	EndGlobalSection
	GlobalSection(ExtensibilityGlobals) = postSolution
		SolutionGuid = {67651A29-C922-4B22-BB62-DAC755B1E9ED}
	EndGlobalSection
EndGlobal
